
Microsoft Visual Studio Solution File, Format Version 12.00
# Visual Studio Version 17
VisualStudioVersion = 17.0.31919.166
MinimumVisualStudioVersion = 10.0.40219.1
Project("{2150E333-8FDC-42A3-9474-1A3956D46DE8}") = "Core", "Core", "{EB0496EF-C0A0-44A4-8991-220FAECA6940}"
EndProject
Project("{9A19103F-16F7-4668-BE54-9A1E7A4F7556}") = "Domain", "Domain\Domain.csproj", "{A9FECAAD-79F0-41B5-ADC2-053DA8FFA650}"
EndProject
Project("{9A19103F-16F7-4668-BE54-9A1E7A4F7556}") = "Services", "Services\Services.csproj", "{3C29AD2A-F819-450B-B078-8BA915A15641}"
EndProject
Project("{9A19103F-16F7-4668-BE54-9A1E7A4F7556}") = "Contracts", "Contracts\Contracts.csproj", "{CBE7AC33-5374-4A67-921D-6A2DFC8D6536}"
EndProject
Project("{9A19103F-16F7-4668-BE54-9A1E7A4F7556}") = "LMSWebApi", "LMSWebApi\LMSWebApi.csproj", "{41AA8D88-ACCA-4FF6-9B2A-B1890E40BE64}"
EndProject
Global
	GlobalSection(SolutionConfigurationPlatforms) = preSolution
		Debug|Any CPU = Debug|Any CPU
		Debug|x86 = Debug|x86
		Release|Any CPU = Release|Any CPU
		Release|x86 = Release|x86
	EndGlobalSection
	GlobalSection(ProjectConfigurationPlatforms) = postSolution
		{A9FECAAD-79F0-41B5-ADC2-053DA8FFA650}.Debug|Any CPU.ActiveCfg = Debug|Any CPU
		{A9FECAAD-79F0-41B5-ADC2-053DA8FFA650}.Debug|Any CPU.Build.0 = Debug|Any CPU
		{A9FECAAD-79F0-41B5-ADC2-053DA8FFA650}.Debug|x86.ActiveCfg = Debug|Any CPU
		{A9FECAAD-79F0-41B5-ADC2-053DA8FFA650}.Debug|x86.Build.0 = Debug|Any CPU
		{A9FECAAD-79F0-41B5-ADC2-053DA8FFA650}.Release|Any CPU.ActiveCfg = Release|Any CPU
		{A9FECAAD-79F0-41B5-ADC2-053DA8FFA650}.Release|Any CPU.Build.0 = Release|Any CPU
		{A9FECAAD-79F0-41B5-ADC2-053DA8FFA650}.Release|x86.ActiveCfg = Release|Any CPU
		{A9FECAAD-79F0-41B5-ADC2-053DA8FFA650}.Release|x86.Build.0 = Release|Any CPU
		{3C29AD2A-F819-450B-B078-8BA915A15641}.Debug|Any CPU.ActiveCfg = Debug|Any CPU
		{3C29AD2A-F819-450B-B078-8BA915A15641}.Debug|Any CPU.Build.0 = Debug|Any CPU
		{3C29AD2A-F819-450B-B078-8BA915A15641}.Debug|x86.ActiveCfg = Debug|Any CPU
		{3C29AD2A-F819-450B-B078-8BA915A15641}.Debug|x86.Build.0 = Debug|Any CPU
		{3C29AD2A-F819-450B-B078-8BA915A15641}.Release|Any CPU.ActiveCfg = Release|Any CPU
		{3C29AD2A-F819-450B-B078-8BA915A15641}.Release|Any CPU.Build.0 = Release|Any CPU
		{3C29AD2A-F819-450B-B078-8BA915A15641}.Release|x86.ActiveCfg = Release|Any CPU
		{3C29AD2A-F819-450B-B078-8BA915A15641}.Release|x86.Build.0 = Release|Any CPU
		{CBE7AC33-5374-4A67-921D-6A2DFC8D6536}.Debug|Any CPU.ActiveCfg = Debug|Any CPU
		{CBE7AC33-5374-4A67-921D-6A2DFC8D6536}.Debug|Any CPU.Build.0 = Debug|Any CPU
		{CBE7AC33-5374-4A67-921D-6A2DFC8D6536}.Debug|x86.ActiveCfg = Debug|Any CPU
		{CBE7AC33-5374-4A67-921D-6A2DFC8D6536}.Debug|x86.Build.0 = Debug|Any CPU
		{CBE7AC33-5374-4A67-921D-6A2DFC8D6536}.Release|Any CPU.ActiveCfg = Release|Any CPU
		{CBE7AC33-5374-4A67-921D-6A2DFC8D6536}.Release|Any CPU.Build.0 = Release|Any CPU
		{CBE7AC33-5374-4A67-921D-6A2DFC8D6536}.Release|x86.ActiveCfg = Release|Any CPU
		{CBE7AC33-5374-4A67-921D-6A2DFC8D6536}.Release|x86.Build.0 = Release|Any CPU
		{41AA8D88-ACCA-4FF6-9B2A-B1890E40BE64}.Debug|Any CPU.ActiveCfg = Debug|Any CPU
		{41AA8D88-ACCA-4FF6-9B2A-B1890E40BE64}.Debug|Any CPU.Build.0 = Debug|Any CPU
		{41AA8D88-ACCA-4FF6-9B2A-B1890E40BE64}.Debug|x86.ActiveCfg = Debug|Any CPU
		{41AA8D88-ACCA-4FF6-9B2A-B1890E40BE64}.Debug|x86.Build.0 = Debug|Any CPU
		{41AA8D88-ACCA-4FF6-9B2A-B1890E40BE64}.Release|Any CPU.ActiveCfg = Release|Any CPU
		{41AA8D88-ACCA-4FF6-9B2A-B1890E40BE64}.Release|Any CPU.Build.0 = Release|Any CPU
		{41AA8D88-ACCA-4FF6-9B2A-B1890E40BE64}.Release|x86.ActiveCfg = Release|Any CPU
		{41AA8D88-ACCA-4FF6-9B2A-B1890E40BE64}.Release|x86.Build.0 = Release|Any CPU
	EndGlobalSection
	GlobalSection(SolutionProperties) = preSolution
		HideSolutionNode = FALSE
	EndGlobalSection
	GlobalSection(NestedProjects) = preSolution
		{A9FECAAD-79F0-41B5-ADC2-053DA8FFA650} = {EB0496EF-C0A0-44A4-8991-220FAECA6940}
		{3C29AD2A-F819-450B-B078-8BA915A15641} = {EB0496EF-C0A0-44A4-8991-220FAECA6940}
		{CBE7AC33-5374-4A67-921D-6A2DFC8D6536} = {EB0496EF-C0A0-44A4-8991-220FAECA6940}
	EndGlobalSection
	GlobalSection(ExtensibilityGlobals) = postSolution
		SolutionGuid = {B0C5C9A1-5887-46F2-ACED-ACC98F3D6554}
	EndGlobalSection
EndGlobal
